# THIS IS AN AUTOGENERATED FILE. DO NOT EDIT THIS FILE DIRECTLY.
# yarn lockfile v1


"@types/color-thief-node@^1.0.4":
  version "1.0.4"
  resolved "https://registry.yarnpkg.com/@types/color-thief-node/-/color-thief-node-1.0.4.tgz#33b250895de87ed7090dce44bee2b19a419acbb6"
  integrity sha512-9mHoSyLAojvDQsZWxu3FHhiwUsQC7Lfuxrii6rnYc11uJ7GH2ODaM82gyDCXnR/5eXqlOymauUXU5eCEYAHS4A==

"colorthief@npm:@pioug/colorthief@^3.0.1":
  version "3.0.1"
  resolved "https://registry.npmjs.org/@pioug/colorthief/-/colorthief-3.0.1.tgz"
  integrity sha512-b5lb5vOoeI/Rngfc2BuLx8aKQw205outUQQCrcWx4EQN2MxIAkHROChQ5Ac/raxT67Qda+8cWFoLsMx42VYSew==
  dependencies:
    get-pixels "npm:@pioug/get-pixels@^4.0.0"
    quantize "npm:@pioug/quantize@^1.2.0"

cwise-compiler@^1.1.2:
  version "1.1.3"
  resolved "https://registry.npmjs.org/cwise-compiler/-/cwise-compiler-1.1.3.tgz"
  integrity sha512-WXlK/m+Di8DMMcCjcWr4i+XzcQra9eCdXIJrgh4TUgh0pIS/yJduLxS9JgefsHJ/YVLdgPtXm9r62W92MvanEQ==
  dependencies:
    uniq "^1.0.0"

data-uri-to-buffer@0.0.3:
  version "0.0.3"
  resolved "https://registry.npmjs.org/data-uri-to-buffer/-/data-uri-to-buffer-0.0.3.tgz"
  integrity sha512-Cp+jOa8QJef5nXS5hU7M1DWzXPEIoVR3kbV0dQuVGwROZg8bGf1DcCnkmajBTnvghTtSNMUdRrPjgaT6ZQucbw==

"get-pixels@npm:@pioug/get-pixels@^4.0.0":
  version "4.0.0"
  resolved "https://registry.npmjs.org/@pioug/get-pixels/-/get-pixels-4.0.0.tgz"
  integrity sha512-DALOYYWU1cqCyK4LlM8CYpVR9jYL+iPDod8plRi4FHzVOkGs40gy7ToLBKXkzcQaMAkjEvMv3JHCfirdF9ESmQ==
  dependencies:
    data-uri-to-buffer "0.0.3"
    jpeg-js "^0.4.1"
    mime-types "^2.0.1"
    ndarray "^1.0.13"
    ndarray-pack "^1.1.1"
    node-bitmap "0.0.1"
    omggif "^1.0.5"
    pngjs "^3.3.3"
    through "^2.3.4"

iota-array@^1.0.0:
  version "1.0.0"
  resolved "https://registry.npmjs.org/iota-array/-/iota-array-1.0.0.tgz"
  integrity sha512-pZ2xT+LOHckCatGQ3DcG/a+QuEqvoxqkiL7tvE8nn3uuu+f6i1TtpB5/FtWFbxUuVr5PZCx8KskuGatbJDXOWA==

is-buffer@^1.0.2:
  version "1.1.6"
  resolved "https://registry.npmjs.org/is-buffer/-/is-buffer-1.1.6.tgz"
  integrity sha512-NcdALwpXkTm5Zvvbk7owOUSvVvBKDgKP5/ewfXEznmQFfs4ZRmanOeKBTjRVjka3QFoN6XJ+9F3USqfHqTaU5w==

jpeg-js@^0.4.1:
  version "0.4.4"
  resolved "https://registry.npmjs.org/jpeg-js/-/jpeg-js-0.4.4.tgz"
  integrity sha512-WZzeDOEtTOBK4Mdsar0IqEU5sMr3vSV2RqkAIzUEV2BHnUfKGyswWFPFwK5EeDo93K3FohSHbLAjj0s1Wzd+dg==

mime-db@1.52.0:
  version "1.52.0"
  resolved "https://registry.npmjs.org/mime-db/-/mime-db-1.52.0.tgz"
  integrity sha512-sPU4uV7dYlvtWJxwwxHD0PuihVNiE7TyAbQ5SWxDCB9mUYvOgroQOwYQQOKPJ8CIbE+1ETVlOoK1UC2nU3gYvg==

mime-types@^2.0.1:
  version "2.1.35"
  resolved "https://registry.npmjs.org/mime-types/-/mime-types-2.1.35.tgz"
  integrity sha512-ZDY+bPm5zTTF+YpCrAU9nK0UgICYPT0QtT1NZWFv4s++TNkcgVaT0g6+4R2uI4MjQjzysHB1zxuWL50hzaeXiw==
  dependencies:
    mime-db "1.52.0"

ndarray-pack@^1.1.1:
  version "1.2.1"
  resolved "https://registry.npmjs.org/ndarray-pack/-/ndarray-pack-1.2.1.tgz"
  integrity sha512-51cECUJMT0rUZNQa09EoKsnFeDL4x2dHRT0VR5U2H5ZgEcm95ZDWcMA5JShroXjHOejmAD/fg8+H+OvUnVXz2g==
  dependencies:
    cwise-compiler "^1.1.2"
    ndarray "^1.0.13"

ndarray@^1.0.13:
  version "1.0.19"
  resolved "https://registry.npmjs.org/ndarray/-/ndarray-1.0.19.tgz"
  integrity sha512-B4JHA4vdyZU30ELBw3g7/p9bZupyew5a7tX1Y/gGeF2hafrPaQZhgrGQfsvgfYbgdFZjYwuEcnaobeM/WMW+HQ==
  dependencies:
    iota-array "^1.0.0"
    is-buffer "^1.0.2"

node-bitmap@0.0.1:
  version "0.0.1"
  resolved "https://registry.npmjs.org/node-bitmap/-/node-bitmap-0.0.1.tgz"
  integrity sha512-Jx5lPaaLdIaOsj2mVLWMWulXF6GQVdyLvNSxmiYCvZ8Ma2hfKX0POoR2kgKOqz+oFsRreq0yYZjQ2wjE9VNzCA==

omggif@^1.0.5:
  version "1.0.10"
  resolved "https://registry.npmjs.org/omggif/-/omggif-1.0.10.tgz"
  integrity sha512-LMJTtvgc/nugXj0Vcrrs68Mn2D1r0zf630VNtqtpI1FEO7e+O9FP4gqs9AcnBaSEeoHIPm28u6qgPR0oyEpGSw==

pngjs@^3.3.3:
  version "3.4.0"
  resolved "https://registry.npmjs.org/pngjs/-/pngjs-3.4.0.tgz"
  integrity sha512-NCrCHhWmnQklfH4MtJMRjZ2a8c80qXeMlQMv2uVp9ISJMTt562SbGd6n2oq0PaPgKm7Z6pL9E2UlLIhC+SHL3w==

"quantize@npm:@pioug/quantize@^1.2.0":
  version "1.2.0"
  resolved "https://registry.npmjs.org/@pioug/quantize/-/quantize-1.2.0.tgz"
  integrity sha512-T7vFO2l+ecCPYK+O9jUFWCokD1G9Kgz21Zb3Z4pOdflnud0gWjD/YnEanZvK3VanEPq5yx0OZbv7PDzX8ZvhSw==

through@^2.3.4:
  version "2.3.8"
  resolved "https://registry.npmjs.org/through/-/through-2.3.8.tgz"
  integrity sha512-w89qg7PI8wAdvX60bMDP+bFoD5Dvhm9oLheFp5O4a2QF0cSBGsBX4qZmadPMvVqlLJBBci+WqGGOAPvcDeNSVg==

uniq@^1.0.0:
  version "1.0.1"
  resolved "https://registry.npmjs.org/uniq/-/uniq-1.0.1.tgz"
  integrity sha512-Gw+zz50YNKPDKXs+9d+aKAjVwpjNwqzvNpLigIruT4HA9lMZNdMqs9x07kKHB/L9WRzqp4+DlTU5s4wG2esdoA==
